// !$*UTF8*$!
{
	archiveVersion = 1;
	classes = {
	};
	objectVersion = 50;
	objects = {

/* Begin PBXBuildFile section */
		55DBB1307877647E50F021FE /* Pods_Xpay_WorldUITests.framework in Frameworks */ = {isa = PBXBuildFile; fileRef = DE5AEB624514B6807845EF69 /* Pods_Xpay_WorldUITests.framework */; };
		5B33247A42BA552DFD5BDBF1 /* Pods_Xpay_WorldTests.framework in Frameworks */ = {isa = PBXBuildFile; fileRef = 39828351C6FCE0D25491BC59 /* Pods_Xpay_WorldTests.framework */; };
		88684A6923439DB700567353 /* AudioToolbox.framework in Frameworks */ = {isa = PBXBuildFile; fileRef = 88684A6823439DB700567353 /* AudioToolbox.framework */; };
		88684A6B23439DBF00567353 /* AVFoundation.framework in Frameworks */ = {isa = PBXBuildFile; fileRef = 88684A6A23439DBF00567353 /* AVFoundation.framework */; };
		88684A6D23439DC900567353 /* CoreAudio.framework in Frameworks */ = {isa = PBXBuildFile; fileRef = 88684A6C23439DC900567353 /* CoreAudio.framework */; };
		88684A6F23439DCF00567353 /* CoreBluetooth.framework in Frameworks */ = {isa = PBXBuildFile; fileRef = 88684A6E23439DCF00567353 /* CoreBluetooth.framework */; };
		88684A7123439DD600567353 /* CoreFoundation.framework in Frameworks */ = {isa = PBXBuildFile; fileRef = 88684A7023439DD600567353 /* CoreFoundation.framework */; };
		88684A7323439DDD00567353 /* CoreGraphics.framework in Frameworks */ = {isa = PBXBuildFile; fileRef = 88684A7223439DDC00567353 /* CoreGraphics.framework */; };
		88684A7523439DE300567353 /* CoreLocation.framework in Frameworks */ = {isa = PBXBuildFile; fileRef = 88684A7423439DE300567353 /* CoreLocation.framework */; };
		88684A7723439DEB00567353 /* ExternalAccessory.framework in Frameworks */ = {isa = PBXBuildFile; fileRef = 88684A7623439DEB00567353 /* ExternalAccessory.framework */; };
		88684A7923439DF400567353 /* Foundation.framework in Frameworks */ = {isa = PBXBuildFile; fileRef = 88684A7823439DF400567353 /* Foundation.framework */; };
		88684A7B23439E0000567353 /* MediaPlayer.framework in Frameworks */ = {isa = PBXBuildFile; fileRef = 88684A7A23439DFF00567353 /* MediaPlayer.framework */; };
		88684A7D23439E0600567353 /* SystemConfiguration.framework in Frameworks */ = {isa = PBXBuildFile; fileRef = 88684A7C23439E0600567353 /* SystemConfiguration.framework */; };
		88684A7F23439E0F00567353 /* QuartzCore.framework in Frameworks */ = {isa = PBXBuildFile; fileRef = 88684A7E23439E0E00567353 /* QuartzCore.framework */; };
		889AF6BF2343805F008EE77C /* AppDelegate.swift in Sources */ = {isa = PBXBuildFile; fileRef = 889AF6BE2343805F008EE77C /* AppDelegate.swift */; };
		889AF6C12343805F008EE77C /* SceneDelegate.swift in Sources */ = {isa = PBXBuildFile; fileRef = 889AF6C02343805F008EE77C /* SceneDelegate.swift */; };
		889AF6C32343805F008EE77C /* ViewController.swift in Sources */ = {isa = PBXBuildFile; fileRef = 889AF6C22343805F008EE77C /* ViewController.swift */; };
		889AF6C62343805F008EE77C /* Main.storyboard in Resources */ = {isa = PBXBuildFile; fileRef = 889AF6C42343805F008EE77C /* Main.storyboard */; };
		889AF6C823438060008EE77C /* Assets.xcassets in Resources */ = {isa = PBXBuildFile; fileRef = 889AF6C723438060008EE77C /* Assets.xcassets */; };
		889AF6CB23438060008EE77C /* LaunchScreen.storyboard in Resources */ = {isa = PBXBuildFile; fileRef = 889AF6C923438060008EE77C /* LaunchScreen.storyboard */; };
		889AF6D623438060008EE77C /* Xpay_WorldTests.swift in Sources */ = {isa = PBXBuildFile; fileRef = 889AF6D523438060008EE77C /* Xpay_WorldTests.swift */; };
		889AF6E123438060008EE77C /* Xpay_WorldUITests.swift in Sources */ = {isa = PBXBuildFile; fileRef = 889AF6E023438060008EE77C /* Xpay_WorldUITests.swift */; };
		D6AA2A204695D12530905A55 /* Pods_Xpay_World.framework in Frameworks */ = {isa = PBXBuildFile; fileRef = F1CD853A47AE9BBE3418497A /* Pods_Xpay_World.framework */; };
/* End PBXBuildFile section */

/* Begin PBXContainerItemProxy section */
		889AF6D223438060008EE77C /* PBXContainerItemProxy */ = {
			isa = PBXContainerItemProxy;
			containerPortal = 889AF6B32343805F008EE77C /* Project object */;
			proxyType = 1;
			remoteGlobalIDString = 889AF6BA2343805F008EE77C;
			remoteInfo = "Xpay World";
		};
		889AF6DD23438060008EE77C /* PBXContainerItemProxy */ = {
			isa = PBXContainerItemProxy;
			containerPortal = 889AF6B32343805F008EE77C /* Project object */;
			proxyType = 1;
			remoteGlobalIDString = 889AF6BA2343805F008EE77C;
			remoteInfo = "Xpay World";
		};
/* End PBXContainerItemProxy section */

/* Begin PBXFileReference section */
		0139A06A1491B9FA39F10EA5 /* Pods-Xpay WorldTests.debug.xcconfig */ = {isa = PBXFileReference; includeInIndex = 1; lastKnownFileType = text.xcconfig; name = "Pods-Xpay WorldTests.debug.xcconfig"; path = "Target Support Files/Pods-Xpay WorldTests/Pods-Xpay WorldTests.debug.xcconfig"; sourceTree = "<group>"; };
		39828351C6FCE0D25491BC59 /* Pods_Xpay_WorldTests.framework */ = {isa = PBXFileReference; explicitFileType = wrapper.framework; includeInIndex = 0; path = Pods_Xpay_WorldTests.framework; sourceTree = BUILT_PRODUCTS_DIR; };
		42B8872CC2271A4AADE83E50 /* Pods-Xpay WorldTests.release.xcconfig */ = {isa = PBXFileReference; includeInIndex = 1; lastKnownFileType = text.xcconfig; name = "Pods-Xpay WorldTests.release.xcconfig"; path = "Target Support Files/Pods-Xpay WorldTests/Pods-Xpay WorldTests.release.xcconfig"; sourceTree = "<group>"; };
		88684A6823439DB700567353 /* AudioToolbox.framework */ = {isa = PBXFileReference; lastKnownFileType = wrapper.framework; name = AudioToolbox.framework; path = System/Library/Frameworks/AudioToolbox.framework; sourceTree = SDKROOT; };
		88684A6A23439DBF00567353 /* AVFoundation.framework */ = {isa = PBXFileReference; lastKnownFileType = wrapper.framework; name = AVFoundation.framework; path = System/Library/Frameworks/AVFoundation.framework; sourceTree = SDKROOT; };
		88684A6C23439DC900567353 /* CoreAudio.framework */ = {isa = PBXFileReference; lastKnownFileType = wrapper.framework; name = CoreAudio.framework; path = System/Library/Frameworks/CoreAudio.framework; sourceTree = SDKROOT; };
		88684A6E23439DCF00567353 /* CoreBluetooth.framework */ = {isa = PBXFileReference; lastKnownFileType = wrapper.framework; name = CoreBluetooth.framework; path = System/Library/Frameworks/CoreBluetooth.framework; sourceTree = SDKROOT; };
		88684A7023439DD600567353 /* CoreFoundation.framework */ = {isa = PBXFileReference; lastKnownFileType = wrapper.framework; name = CoreFoundation.framework; path = System/Library/Frameworks/CoreFoundation.framework; sourceTree = SDKROOT; };
		88684A7223439DDC00567353 /* CoreGraphics.framework */ = {isa = PBXFileReference; lastKnownFileType = wrapper.framework; name = CoreGraphics.framework; path = System/Library/Frameworks/CoreGraphics.framework; sourceTree = SDKROOT; };
		88684A7423439DE300567353 /* CoreLocation.framework */ = {isa = PBXFileReference; lastKnownFileType = wrapper.framework; name = CoreLocation.framework; path = System/Library/Frameworks/CoreLocation.framework; sourceTree = SDKROOT; };
		88684A7623439DEB00567353 /* ExternalAccessory.framework */ = {isa = PBXFileReference; lastKnownFileType = wrapper.framework; name = ExternalAccessory.framework; path = System/Library/Frameworks/ExternalAccessory.framework; sourceTree = SDKROOT; };
		88684A7823439DF400567353 /* Foundation.framework */ = {isa = PBXFileReference; lastKnownFileType = wrapper.framework; name = Foundation.framework; path = System/Library/Frameworks/Foundation.framework; sourceTree = SDKROOT; };
		88684A7A23439DFF00567353 /* MediaPlayer.framework */ = {isa = PBXFileReference; lastKnownFileType = wrapper.framework; name = MediaPlayer.framework; path = System/Library/Frameworks/MediaPlayer.framework; sourceTree = SDKROOT; };
		88684A7C23439E0600567353 /* SystemConfiguration.framework */ = {isa = PBXFileReference; lastKnownFileType = wrapper.framework; name = SystemConfiguration.framework; path = System/Library/Frameworks/SystemConfiguration.framework; sourceTree = SDKROOT; };
		88684A7E23439E0E00567353 /* QuartzCore.framework */ = {isa = PBXFileReference; lastKnownFileType = wrapper.framework; name = QuartzCore.framework; path = System/Library/Frameworks/QuartzCore.framework; sourceTree = SDKROOT; };
		889AF6BB2343805F008EE77C /* Xpay World.app */ = {isa = PBXFileReference; explicitFileType = wrapper.application; includeInIndex = 0; path = "Xpay World.app"; sourceTree = BUILT_PRODUCTS_DIR; };
		889AF6BE2343805F008EE77C /* AppDelegate.swift */ = {isa = PBXFileReference; lastKnownFileType = sourcecode.swift; path = AppDelegate.swift; sourceTree = "<group>"; };
		889AF6C02343805F008EE77C /* SceneDelegate.swift */ = {isa = PBXFileReference; lastKnownFileType = sourcecode.swift; path = SceneDelegate.swift; sourceTree = "<group>"; };
		889AF6C22343805F008EE77C /* ViewController.swift */ = {isa = PBXFileReference; lastKnownFileType = sourcecode.swift; path = ViewController.swift; sourceTree = "<group>"; };
		889AF6C52343805F008EE77C /* Base */ = {isa = PBXFileReference; lastKnownFileType = file.storyboard; name = Base; path = Base.lproj/Main.storyboard; sourceTree = "<group>"; };
		889AF6C723438060008EE77C /* Assets.xcassets */ = {isa = PBXFileReference; lastKnownFileType = folder.assetcatalog; path = Assets.xcassets; sourceTree = "<group>"; };
		889AF6CA23438060008EE77C /* Base */ = {isa = PBXFileReference; lastKnownFileType = file.storyboard; name = Base; path = Base.lproj/LaunchScreen.storyboard; sourceTree = "<group>"; };
		889AF6CC23438060008EE77C /* Info.plist */ = {isa = PBXFileReference; lastKnownFileType = text.plist.xml; path = Info.plist; sourceTree = "<group>"; };
		889AF6D123438060008EE77C /* Xpay WorldTests.xctest */ = {isa = PBXFileReference; explicitFileType = wrapper.cfbundle; includeInIndex = 0; path = "Xpay WorldTests.xctest"; sourceTree = BUILT_PRODUCTS_DIR; };
		889AF6D523438060008EE77C /* Xpay_WorldTests.swift */ = {isa = PBXFileReference; lastKnownFileType = sourcecode.swift; path = Xpay_WorldTests.swift; sourceTree = "<group>"; };
		889AF6D723438060008EE77C /* Info.plist */ = {isa = PBXFileReference; lastKnownFileType = text.plist.xml; path = Info.plist; sourceTree = "<group>"; };
		889AF6DC23438060008EE77C /* Xpay WorldUITests.xctest */ = {isa = PBXFileReference; explicitFileType = wrapper.cfbundle; includeInIndex = 0; path = "Xpay WorldUITests.xctest"; sourceTree = BUILT_PRODUCTS_DIR; };
		889AF6E023438060008EE77C /* Xpay_WorldUITests.swift */ = {isa = PBXFileReference; lastKnownFileType = sourcecode.swift; path = Xpay_WorldUITests.swift; sourceTree = "<group>"; };
		889AF6E223438060008EE77C /* Info.plist */ = {isa = PBXFileReference; lastKnownFileType = text.plist.xml; path = Info.plist; sourceTree = "<group>"; };
		89ACFE46C52C4C691FC9F8B9 /* Pods-Xpay World.release.xcconfig */ = {isa = PBXFileReference; includeInIndex = 1; lastKnownFileType = text.xcconfig; name = "Pods-Xpay World.release.xcconfig"; path = "Target Support Files/Pods-Xpay World/Pods-Xpay World.release.xcconfig"; sourceTree = "<group>"; };
		91E184BC61A57C5DFA0A4CAE /* Pods-Xpay WorldUITests.release.xcconfig */ = {isa = PBXFileReference; includeInIndex = 1; lastKnownFileType = text.xcconfig; name = "Pods-Xpay WorldUITests.release.xcconfig"; path = "Target Support Files/Pods-Xpay WorldUITests/Pods-Xpay WorldUITests.release.xcconfig"; sourceTree = "<group>"; };
		B503EE996A262A1E86A6BBA6 /* Pods-Xpay WorldUITests.debug.xcconfig */ = {isa = PBXFileReference; includeInIndex = 1; lastKnownFileType = text.xcconfig; name = "Pods-Xpay WorldUITests.debug.xcconfig"; path = "Target Support Files/Pods-Xpay WorldUITests/Pods-Xpay WorldUITests.debug.xcconfig"; sourceTree = "<group>"; };
		DE5AEB624514B6807845EF69 /* Pods_Xpay_WorldUITests.framework */ = {isa = PBXFileReference; explicitFileType = wrapper.framework; includeInIndex = 0; path = Pods_Xpay_WorldUITests.framework; sourceTree = BUILT_PRODUCTS_DIR; };
		F1CD853A47AE9BBE3418497A /* Pods_Xpay_World.framework */ = {isa = PBXFileReference; explicitFileType = wrapper.framework; includeInIndex = 0; path = Pods_Xpay_World.framework; sourceTree = BUILT_PRODUCTS_DIR; };
		FA404F4228D95A582160F139 /* Pods-Xpay World.debug.xcconfig */ = {isa = PBXFileReference; includeInIndex = 1; lastKnownFileType = text.xcconfig; name = "Pods-Xpay World.debug.xcconfig"; path = "Target Support Files/Pods-Xpay World/Pods-Xpay World.debug.xcconfig"; sourceTree = "<group>"; };
/* End PBXFileReference section */

/* Begin PBXFrameworksBuildPhase section */
		889AF6B82343805F008EE77C /* Frameworks */ = {
			isa = PBXFrameworksBuildPhase;
			buildActionMask = 2147483647;
			files = (
				88684A7723439DEB00567353 /* ExternalAccessory.framework in Frameworks */,
				88684A7F23439E0F00567353 /* QuartzCore.framework in Frameworks */,
				D6AA2A204695D12530905A55 /* Pods_Xpay_World.framework in Frameworks */,
				88684A6923439DB700567353 /* AudioToolbox.framework in Frameworks */,
				88684A7123439DD600567353 /* CoreFoundation.framework in Frameworks */,
				88684A7323439DDD00567353 /* CoreGraphics.framework in Frameworks */,
				88684A7923439DF400567353 /* Foundation.framework in Frameworks */,
				88684A7B23439E0000567353 /* MediaPlayer.framework in Frameworks */,
				88684A7523439DE300567353 /* CoreLocation.framework in Frameworks */,
				88684A6D23439DC900567353 /* CoreAudio.framework in Frameworks */,
				88684A6F23439DCF00567353 /* CoreBluetooth.framework in Frameworks */,
				88684A7D23439E0600567353 /* SystemConfiguration.framework in Frameworks */,
				88684A6B23439DBF00567353 /* AVFoundation.framework in Frameworks */,
			);
			runOnlyForDeploymentPostprocessing = 0;
		};
		889AF6CE23438060008EE77C /* Frameworks */ = {
			isa = PBXFrameworksBuildPhase;
			buildActionMask = 2147483647;
			files = (
				5B33247A42BA552DFD5BDBF1 /* Pods_Xpay_WorldTests.framework in Frameworks */,
			);
			runOnlyForDeploymentPostprocessing = 0;
		};
		889AF6D923438060008EE77C /* Frameworks */ = {
			isa = PBXFrameworksBuildPhase;
			buildActionMask = 2147483647;
			files = (
				55DBB1307877647E50F021FE /* Pods_Xpay_WorldUITests.framework in Frameworks */,
			);
			runOnlyForDeploymentPostprocessing = 0;
		};
/* End PBXFrameworksBuildPhase section */

/* Begin PBXGroup section */
		09C7585E8FDCFE77FCDB9A1B /* Pods */ = {
			isa = PBXGroup;
			children = (
				FA404F4228D95A582160F139 /* Pods-Xpay World.debug.xcconfig */,
				89ACFE46C52C4C691FC9F8B9 /* Pods-Xpay World.release.xcconfig */,
				0139A06A1491B9FA39F10EA5 /* Pods-Xpay WorldTests.debug.xcconfig */,
				42B8872CC2271A4AADE83E50 /* Pods-Xpay WorldTests.release.xcconfig */,
				B503EE996A262A1E86A6BBA6 /* Pods-Xpay WorldUITests.debug.xcconfig */,
				91E184BC61A57C5DFA0A4CAE /* Pods-Xpay WorldUITests.release.xcconfig */,
			);
			path = Pods;
			sourceTree = "<group>";
		};
		3E163F0DF31943CC469A33A7 /* Frameworks */ = {
			isa = PBXGroup;
			children = (
				88684A7E23439E0E00567353 /* QuartzCore.framework */,
				88684A7C23439E0600567353 /* SystemConfiguration.framework */,
				88684A7A23439DFF00567353 /* MediaPlayer.framework */,
				88684A7823439DF400567353 /* Foundation.framework */,
				88684A7623439DEB00567353 /* ExternalAccessory.framework */,
				88684A7423439DE300567353 /* CoreLocation.framework */,
				88684A7223439DDC00567353 /* CoreGraphics.framework */,
				88684A7023439DD600567353 /* CoreFoundation.framework */,
				88684A6E23439DCF00567353 /* CoreBluetooth.framework */,
				88684A6C23439DC900567353 /* CoreAudio.framework */,
				88684A6A23439DBF00567353 /* AVFoundation.framework */,
				88684A6823439DB700567353 /* AudioToolbox.framework */,
				F1CD853A47AE9BBE3418497A /* Pods_Xpay_World.framework */,
				39828351C6FCE0D25491BC59 /* Pods_Xpay_WorldTests.framework */,
				DE5AEB624514B6807845EF69 /* Pods_Xpay_WorldUITests.framework */,
			);
			name = Frameworks;
			sourceTree = "<group>";
		};
		88684A6723439AA000567353 /* ViewModel */ = {
			isa = PBXGroup;
			children = (
			);
			path = ViewModel;
			sourceTree = "<group>";
		};
		889AF6B22343805F008EE77C = {
			isa = PBXGroup;
			children = (
				889AF6BD2343805F008EE77C /* Xpay World */,
				889AF6D423438060008EE77C /* Xpay WorldTests */,
				889AF6DF23438060008EE77C /* Xpay WorldUITests */,
				889AF6BC2343805F008EE77C /* Products */,
				09C7585E8FDCFE77FCDB9A1B /* Pods */,
				3E163F0DF31943CC469A33A7 /* Frameworks */,
			);
			sourceTree = "<group>";
		};
		889AF6BC2343805F008EE77C /* Products */ = {
			isa = PBXGroup;
			children = (
				889AF6BB2343805F008EE77C /* Xpay World.app */,
				889AF6D123438060008EE77C /* Xpay WorldTests.xctest */,
				889AF6DC23438060008EE77C /* Xpay WorldUITests.xctest */,
			);
			name = Products;
			sourceTree = "<group>";
		};
		889AF6BD2343805F008EE77C /* Xpay World */ = {
			isa = PBXGroup;
			children = (
				88684A6723439AA000567353 /* ViewModel */,
				889AF6BE2343805F008EE77C /* AppDelegate.swift */,
				889AF6C02343805F008EE77C /* SceneDelegate.swift */,
				889AF6C22343805F008EE77C /* ViewController.swift */,
				889AF6C42343805F008EE77C /* Main.storyboard */,
				889AF6C723438060008EE77C /* Assets.xcassets */,
				889AF6C923438060008EE77C /* LaunchScreen.storyboard */,
				889AF6CC23438060008EE77C /* Info.plist */,
			);
			path = "Xpay World";
			sourceTree = "<group>";
		};
		889AF6D423438060008EE77C /* Xpay WorldTests */ = {
			isa = PBXGroup;
			children = (
				889AF6D523438060008EE77C /* Xpay_WorldTests.swift */,
				889AF6D723438060008EE77C /* Info.plist */,
			);
			path = "Xpay WorldTests";
			sourceTree = "<group>";
		};
		889AF6DF23438060008EE77C /* Xpay WorldUITests */ = {
			isa = PBXGroup;
			children = (
				889AF6E023438060008EE77C /* Xpay_WorldUITests.swift */,
				889AF6E223438060008EE77C /* Info.plist */,
			);
			path = "Xpay WorldUITests";
			sourceTree = "<group>";
		};
/* End PBXGroup section */

/* Begin PBXNativeTarget section */
		889AF6BA2343805F008EE77C /* Xpay World */ = {
			isa = PBXNativeTarget;
			buildConfigurationList = 889AF6E523438060008EE77C /* Build configuration list for PBXNativeTarget "Xpay World" */;
			buildPhases = (
				491AC2EA1FBEF6C678CA9AD1 /* [CP] Check Pods Manifest.lock */,
				889AF6B72343805F008EE77C /* Sources */,
				889AF6B82343805F008EE77C /* Frameworks */,
				889AF6B92343805F008EE77C /* Resources */,
				6E620404826A7EA9118BF36E /* [CP] Embed Pods Frameworks */,
			);
			buildRules = (
			);
			dependencies = (
			);
			name = "Xpay World";
			productName = "Xpay World";
			productReference = 889AF6BB2343805F008EE77C /* Xpay World.app */;
			productType = "com.apple.product-type.application";
		};
		889AF6D023438060008EE77C /* Xpay WorldTests */ = {
			isa = PBXNativeTarget;
			buildConfigurationList = 889AF6E823438060008EE77C /* Build configuration list for PBXNativeTarget "Xpay WorldTests" */;
			buildPhases = (
				40AD6B0BCF0DDFD16C2D44D1 /* [CP] Check Pods Manifest.lock */,
				889AF6CD23438060008EE77C /* Sources */,
				889AF6CE23438060008EE77C /* Frameworks */,
				889AF6CF23438060008EE77C /* Resources */,
			);
			buildRules = (
			);
			dependencies = (
				889AF6D323438060008EE77C /* PBXTargetDependency */,
			);
			name = "Xpay WorldTests";
			productName = "Xpay WorldTests";
			productReference = 889AF6D123438060008EE77C /* Xpay WorldTests.xctest */;
			productType = "com.apple.product-type.bundle.unit-test";
		};
		889AF6DB23438060008EE77C /* Xpay WorldUITests */ = {
			isa = PBXNativeTarget;
			buildConfigurationList = 889AF6EB23438060008EE77C /* Build configuration list for PBXNativeTarget "Xpay WorldUITests" */;
			buildPhases = (
				6B6928E141727A2B69356D5F /* [CP] Check Pods Manifest.lock */,
				889AF6D823438060008EE77C /* Sources */,
				889AF6D923438060008EE77C /* Frameworks */,
				889AF6DA23438060008EE77C /* Resources */,
			);
			buildRules = (
			);
			dependencies = (
				889AF6DE23438060008EE77C /* PBXTargetDependency */,
			);
			name = "Xpay WorldUITests";
			productName = "Xpay WorldUITests";
			productReference = 889AF6DC23438060008EE77C /* Xpay WorldUITests.xctest */;
			productType = "com.apple.product-type.bundle.ui-testing";
		};
/* End PBXNativeTarget section */

/* Begin PBXProject section */
		889AF6B32343805F008EE77C /* Project object */ = {
			isa = PBXProject;
			attributes = {
				LastSwiftUpdateCheck = 1100;
				LastUpgradeCheck = 1100;
				ORGANIZATIONNAME = "Mario Juni";
				TargetAttributes = {
					889AF6BA2343805F008EE77C = {
						CreatedOnToolsVersion = 11.0;
					};
					889AF6D023438060008EE77C = {
						CreatedOnToolsVersion = 11.0;
						TestTargetID = 889AF6BA2343805F008EE77C;
					};
					889AF6DB23438060008EE77C = {
						CreatedOnToolsVersion = 11.0;
						TestTargetID = 889AF6BA2343805F008EE77C;
					};
				};
			};
			buildConfigurationList = 889AF6B62343805F008EE77C /* Build configuration list for PBXProject "Xpay World" */;
			compatibilityVersion = "Xcode 9.3";
			developmentRegion = en;
			hasScannedForEncodings = 0;
			knownRegions = (
				en,
				Base,
			);
			mainGroup = 889AF6B22343805F008EE77C;
			productRefGroup = 889AF6BC2343805F008EE77C /* Products */;
			projectDirPath = "";
			projectRoot = "";
			targets = (
				889AF6BA2343805F008EE77C /* Xpay World */,
				889AF6D023438060008EE77C /* Xpay WorldTests */,
				889AF6DB23438060008EE77C /* Xpay WorldUITests */,
			);
		};
/* End PBXProject section */

/* Begin PBXResourcesBuildPhase section */
		889AF6B92343805F008EE77C /* Resources */ = {
			isa = PBXResourcesBuildPhase;
			buildActionMask = 2147483647;
			files = (
				889AF6CB23438060008EE77C /* LaunchScreen.storyboard in Resources */,
				889AF6C823438060008EE77C /* Assets.xcassets in Resources */,
				889AF6C62343805F008EE77C /* Main.storyboard in Resources */,
			);
			runOnlyForDeploymentPostprocessing = 0;
		};
		889AF6CF23438060008EE77C /* Resources */ = {
			isa = PBXResourcesBuildPhase;
			buildActionMask = 2147483647;
			files = (
			);
			runOnlyForDeploymentPostprocessing = 0;
		};
		889AF6DA23438060008EE77C /* Resources */ = {
			isa = PBXResourcesBuildPhase;
			buildActionMask = 2147483647;
			files = (
			);
			runOnlyForDeploymentPostprocessing = 0;
		};
/* End PBXResourcesBuildPhase section */

/* Begin PBXShellScriptBuildPhase section */
		40AD6B0BCF0DDFD16C2D44D1 /* [CP] Check Pods Manifest.lock */ = {
			isa = PBXShellScriptBuildPhase;
			buildActionMask = 2147483647;
			files = (
			);
			inputFileListPaths = (
			);
			inputPaths = (
				"${PODS_PODFILE_DIR_PATH}/Podfile.lock",
				"${PODS_ROOT}/Manifest.lock",
			);
			name = "[CP] Check Pods Manifest.lock";
			outputFileListPaths = (
			);
			outputPaths = (
				"$(DERIVED_FILE_DIR)/Pods-Xpay WorldTests-checkManifestLockResult.txt",
			);
			runOnlyForDeploymentPostprocessing = 0;
			shellPath = /bin/sh;
			shellScript = "diff \"${PODS_PODFILE_DIR_PATH}/Podfile.lock\" \"${PODS_ROOT}/Manifest.lock\" > /dev/null\nif [ $? != 0 ] ; then\n    # print error to STDERR\n    echo \"error: The sandbox is not in sync with the Podfile.lock. Run 'pod install' or update your CocoaPods installation.\" >&2\n    exit 1\nfi\n# This output is used by Xcode 'outputs' to avoid re-running this script phase.\necho \"SUCCESS\" > \"${SCRIPT_OUTPUT_FILE_0}\"\n";
			showEnvVarsInLog = 0;
		};
		491AC2EA1FBEF6C678CA9AD1 /* [CP] Check Pods Manifest.lock */ = {
			isa = PBXShellScriptBuildPhase;
			buildActionMask = 2147483647;
			files = (
			);
			inputFileListPaths = (
			);
			inputPaths = (
				"${PODS_PODFILE_DIR_PATH}/Podfile.lock",
				"${PODS_ROOT}/Manifest.lock",
			);
			name = "[CP] Check Pods Manifest.lock";
			outputFileListPaths = (
			);
			outputPaths = (
				"$(DERIVED_FILE_DIR)/Pods-Xpay World-checkManifestLockResult.txt",
			);
			runOnlyForDeploymentPostprocessing = 0;
			shellPath = /bin/sh;
			shellScript = "diff \"${PODS_PODFILE_DIR_PATH}/Podfile.lock\" \"${PODS_ROOT}/Manifest.lock\" > /dev/null\nif [ $? != 0 ] ; then\n    # print error to STDERR\n    echo \"error: The sandbox is not in sync with the Podfile.lock. Run 'pod install' or update your CocoaPods installation.\" >&2\n    exit 1\nfi\n# This output is used by Xcode 'outputs' to avoid re-running this script phase.\necho \"SUCCESS\" > \"${SCRIPT_OUTPUT_FILE_0}\"\n";
			showEnvVarsInLog = 0;
		};
		6B6928E141727A2B69356D5F /* [CP] Check Pods Manifest.lock */ = {
			isa = PBXShellScriptBuildPhase;
			buildActionMask = 2147483647;
			files = (
			);
			inputFileListPaths = (
			);
			inputPaths = (
				"${PODS_PODFILE_DIR_PATH}/Podfile.lock",
				"${PODS_ROOT}/Manifest.lock",
			);
			name = "[CP] Check Pods Manifest.lock";
			outputFileListPaths = (
			);
			outputPaths = (
				"$(DERIVED_FILE_DIR)/Pods-Xpay WorldUITests-checkManifestLockResult.txt",
			);
			runOnlyForDeploymentPostprocessing = 0;
			shellPath = /bin/sh;
			shellScript = "diff \"${PODS_PODFILE_DIR_PATH}/Podfile.lock\" \"${PODS_ROOT}/Manifest.lock\" > /dev/null\nif [ $? != 0 ] ; then\n    # print error to STDERR\n    echo \"error: The sandbox is not in sync with the Podfile.lock. Run 'pod install' or update your CocoaPods installation.\" >&2\n    exit 1\nfi\n# This output is used by Xcode 'outputs' to avoid re-running this script phase.\necho \"SUCCESS\" > \"${SCRIPT_OUTPUT_FILE_0}\"\n";
			showEnvVarsInLog = 0;
		};
		6E620404826A7EA9118BF36E /* [CP] Embed Pods Frameworks */ = {
			isa = PBXShellScriptBuildPhase;
			buildActionMask = 2147483647;
			files = (
			);
			inputFileListPaths = (
				"${PODS_ROOT}/Target Support Files/Pods-Xpay World/Pods-Xpay World-frameworks-${CONFIGURATION}-input-files.xcfilelist",
			);
			name = "[CP] Embed Pods Frameworks";
			outputFileListPaths = (
				"${PODS_ROOT}/Target Support Files/Pods-Xpay World/Pods-Xpay World-frameworks-${CONFIGURATION}-output-files.xcfilelist",
			);
			runOnlyForDeploymentPostprocessing = 0;
			shellPath = /bin/sh;
			shellScript = "\"${PODS_ROOT}/Target Support Files/Pods-Xpay World/Pods-Xpay World-frameworks.sh\"\n";
			showEnvVarsInLog = 0;
		};
/* End PBXShellScriptBuildPhase section */

/* Begin PBXSourcesBuildPhase section */
		889AF6B72343805F008EE77C /* Sources */ = {
			isa = PBXSourcesBuildPhase;
			buildActionMask = 2147483647;
			files = (
				889AF6C32343805F008EE77C /* ViewController.swift in Sources */,
				889AF6BF2343805F008EE77C /* AppDelegate.swift in Sources */,
				889AF6C12343805F008EE77C /* SceneDelegate.swift in Sources */,
			);
			runOnlyForDeploymentPostprocessing = 0;
		};
		889AF6CD23438060008EE77C /* Sources */ = {
			isa = PBXSourcesBuildPhase;
			buildActionMask = 2147483647;
			files = (
				889AF6D623438060008EE77C /* Xpay_WorldTests.swift in Sources */,
			);
			runOnlyForDeploymentPostprocessing = 0;
		};
		889AF6D823438060008EE77C /* Sources */ = {
			isa = PBXSourcesBuildPhase;
			buildActionMask = 2147483647;
			files = (
				889AF6E123438060008EE77C /* Xpay_WorldUITests.swift in Sources */,
			);
			runOnlyForDeploymentPostprocessing = 0;
		};
/* End PBXSourcesBuildPhase section */

/* Begin PBXTargetDependency section */
		889AF6D323438060008EE77C /* PBXTargetDependency */ = {
			isa = PBXTargetDependency;
			target = 889AF6BA2343805F008EE77C /* Xpay World */;
			targetProxy = 889AF6D223438060008EE77C /* PBXContainerItemProxy */;
		};
		889AF6DE23438060008EE77C /* PBXTargetDependency */ = {
			isa = PBXTargetDependency;
			target = 889AF6BA2343805F008EE77C /* Xpay World */;
			targetProxy = 889AF6DD23438060008EE77C /* PBXContainerItemProxy */;
		};
/* End PBXTargetDependency section */

/* Begin PBXVariantGroup section */
		889AF6C42343805F008EE77C /* Main.storyboard */ = {
			isa = PBXVariantGroup;
			children = (
				889AF6C52343805F008EE77C /* Base */,
			);
			name = Main.storyboard;
			sourceTree = "<group>";
		};
		889AF6C923438060008EE77C /* LaunchScreen.storyboard */ = {
			isa = PBXVariantGroup;
			children = (
				889AF6CA23438060008EE77C /* Base */,
			);
			name = LaunchScreen.storyboard;
			sourceTree = "<group>";
		};
/* End PBXVariantGroup section */

/* Begin XCBuildConfiguration section */
		889AF6E323438060008EE77C /* Debug */ = {
			isa = XCBuildConfiguration;
			buildSettings = {
				ALWAYS_SEARCH_USER_PATHS = NO;
				CLANG_ANALYZER_NONNULL = YES;
				CLANG_ANALYZER_NUMBER_OBJECT_CONVERSION = YES_AGGRESSIVE;
				CLANG_CXX_LANGUAGE_STANDARD = "gnu++14";
				CLANG_CXX_LIBRARY = "libc++";
				CLANG_ENABLE_MODULES = YES;
				CLANG_ENABLE_OBJC_ARC = YES;
				CLANG_ENABLE_OBJC_WEAK = YES;
				CLANG_WARN_BLOCK_CAPTURE_AUTORELEASING = YES;
				CLANG_WARN_BOOL_CONVERSION = YES;
				CLANG_WARN_COMMA = YES;
				CLANG_WARN_CONSTANT_CONVERSION = YES;
				CLANG_WARN_DEPRECATED_OBJC_IMPLEMENTATIONS = YES;
				CLANG_WARN_DIRECT_OBJC_ISA_USAGE = YES_ERROR;
				CLANG_WARN_DOCUMENTATION_COMMENTS = YES;
				CLANG_WARN_EMPTY_BODY = YES;
				CLANG_WARN_ENUM_CONVERSION = YES;
				CLANG_WARN_INFINITE_RECURSION = YES;
				CLANG_WARN_INT_CONVERSION = YES;
				CLANG_WARN_NON_LITERAL_NULL_CONVERSION = YES;
				CLANG_WARN_OBJC_IMPLICIT_RETAIN_SELF = YES;
				CLANG_WARN_OBJC_LITERAL_CONVERSION = YES;
				CLANG_WARN_OBJC_ROOT_CLASS = YES_ERROR;
				CLANG_WARN_RANGE_LOOP_ANALYSIS = YES;
				CLANG_WARN_STRICT_PROTOTYPES = YES;
				CLANG_WARN_SUSPICIOUS_MOVE = YES;
				CLANG_WARN_UNGUARDED_AVAILABILITY = YES_AGGRESSIVE;
				CLANG_WARN_UNREACHABLE_CODE = YES;
				CLANG_WARN__DUPLICATE_METHOD_MATCH = YES;
				COPY_PHASE_STRIP = NO;
				DEBUG_INFORMATION_FORMAT = dwarf;
				ENABLE_STRICT_OBJC_MSGSEND = YES;
				ENABLE_TESTABILITY = YES;
				GCC_C_LANGUAGE_STANDARD = gnu11;
				GCC_DYNAMIC_NO_PIC = NO;
				GCC_NO_COMMON_BLOCKS = YES;
				GCC_OPTIMIZATION_LEVEL = 0;
				GCC_PREPROCESSOR_DEFINITIONS = (
					"DEBUG=1",
					"$(inherited)",
				);
				GCC_WARN_64_TO_32_BIT_CONVERSION = YES;
				GCC_WARN_ABOUT_RETURN_TYPE = YES_ERROR;
				GCC_WARN_UNDECLARED_SELECTOR = YES;
				GCC_WARN_UNINITIALIZED_AUTOS = YES_AGGRESSIVE;
				GCC_WARN_UNUSED_FUNCTION = YES;
				GCC_WARN_UNUSED_VARIABLE = YES;
				IPHONEOS_DEPLOYMENT_TARGET = 13.0;
				MTL_ENABLE_DEBUG_INFO = INCLUDE_SOURCE;
				MTL_FAST_MATH = YES;
				ONLY_ACTIVE_ARCH = YES;
				SDKROOT = iphoneos;
				SWIFT_ACTIVE_COMPILATION_CONDITIONS = DEBUG;
				SWIFT_OPTIMIZATION_LEVEL = "-Onone";
			};
			name = Debug;
		};
		889AF6E423438060008EE77C /* Release */ = {
			isa = XCBuildConfiguration;
			buildSettings = {
				ALWAYS_SEARCH_USER_PATHS = NO;
				CLANG_ANALYZER_NONNULL = YES;
				CLANG_ANALYZER_NUMBER_OBJECT_CONVERSION = YES_AGGRESSIVE;
				CLANG_CXX_LANGUAGE_STANDARD = "gnu++14";
				CLANG_CXX_LIBRARY = "libc++";
				CLANG_ENABLE_MODULES = YES;
				CLANG_ENABLE_OBJC_ARC = YES;
				CLANG_ENABLE_OBJC_WEAK = YES;
				CLANG_WARN_BLOCK_CAPTURE_AUTORELEASING = YES;
				CLANG_WARN_BOOL_CONVERSION = YES;
				CLANG_WARN_COMMA = YES;
				CLANG_WARN_CONSTANT_CONVERSION = YES;
				CLANG_WARN_DEPRECATED_OBJC_IMPLEMENTATIONS = YES;
				CLANG_WARN_DIRECT_OBJC_ISA_USAGE = YES_ERROR;
				CLANG_WARN_DOCUMENTATION_COMMENTS = YES;
				CLANG_WARN_EMPTY_BODY = YES;
				CLANG_WARN_ENUM_CONVERSION = YES;
				CLANG_WARN_INFINITE_RECURSION = YES;
				CLANG_WARN_INT_CONVERSION = YES;
				CLANG_WARN_NON_LITERAL_NULL_CONVERSION = YES;
				CLANG_WARN_OBJC_IMPLICIT_RETAIN_SELF = YES;
				CLANG_WARN_OBJC_LITERAL_CONVERSION = YES;
				CLANG_WARN_OBJC_ROOT_CLASS = YES_ERROR;
				CLANG_WARN_RANGE_LOOP_ANALYSIS = YES;
				CLANG_WARN_STRICT_PROTOTYPES = YES;
				CLANG_WARN_SUSPICIOUS_MOVE = YES;
				CLANG_WARN_UNGUARDED_AVAILABILITY = YES_AGGRESSIVE;
				CLANG_WARN_UNREACHABLE_CODE = YES;
				CLANG_WARN__DUPLICATE_METHOD_MATCH = YES;
				COPY_PHASE_STRIP = NO;
				DEBUG_INFORMATION_FORMAT = "dwarf-with-dsym";
				ENABLE_NS_ASSERTIONS = NO;
				ENABLE_STRICT_OBJC_MSGSEND = YES;
				GCC_C_LANGUAGE_STANDARD = gnu11;
				GCC_NO_COMMON_BLOCKS = YES;
				GCC_WARN_64_TO_32_BIT_CONVERSION = YES;
				GCC_WARN_ABOUT_RETURN_TYPE = YES_ERROR;
				GCC_WARN_UNDECLARED_SELECTOR = YES;
				GCC_WARN_UNINITIALIZED_AUTOS = YES_AGGRESSIVE;
				GCC_WARN_UNUSED_FUNCTION = YES;
				GCC_WARN_UNUSED_VARIABLE = YES;
				IPHONEOS_DEPLOYMENT_TARGET = 13.0;
				MTL_ENABLE_DEBUG_INFO = NO;
				MTL_FAST_MATH = YES;
				SDKROOT = iphoneos;
				SWIFT_COMPILATION_MODE = wholemodule;
				SWIFT_OPTIMIZATION_LEVEL = "-O";
				VALIDATE_PRODUCT = YES;
			};
			name = Release;
		};
		889AF6E623438060008EE77C /* Debug */ = {
			isa = XCBuildConfiguration;
			baseConfigurationReference = FA404F4228D95A582160F139 /* Pods-Xpay World.debug.xcconfig */;
			buildSettings = {
				ASSETCATALOG_COMPILER_APPICON_NAME = AppIcon;
				CODE_SIGN_STYLE = Automatic;
				INFOPLIST_FILE = "Xpay World/Info.plist";
				LD_RUNPATH_SEARCH_PATHS = (
					"$(inherited)",
					"@executable_path/Frameworks",
				);
				PRODUCT_BUNDLE_IDENTIFIER = "mariojuni.Xpay-World";
				PRODUCT_NAME = "$(TARGET_NAME)";
				SWIFT_VERSION = 5.0;
				TARGETED_DEVICE_FAMILY = "1,2";
			};
			name = Debug;
		};
		889AF6E723438060008EE77C /* Release */ = {
			isa = XCBuildConfiguration;
			baseConfigurationReference = 89ACFE46C52C4C691FC9F8B9 /* Pods-Xpay World.release.xcconfig */;
			buildSettings = {
				ASSETCATALOG_COMPILER_APPICON_NAME = AppIcon;
				CODE_SIGN_STYLE = Automatic;
				INFOPLIST_FILE = "Xpay World/Info.plist";
				LD_RUNPATH_SEARCH_PATHS = (
					"$(inherited)",
					"@executable_path/Frameworks",
				);
				PRODUCT_BUNDLE_IDENTIFIER = "mariojuni.Xpay-World";
				PRODUCT_NAME = "$(TARGET_NAME)";
				SWIFT_VERSION = 5.0;
				TARGETED_DEVICE_FAMILY = "1,2";
			};
			name = Release;
		};
		889AF6E923438060008EE77C /* Debug */ = {
			isa = XCBuildConfiguration;
			baseConfigurationReference = 0139A06A1491B9FA39F10EA5 /* Pods-Xpay WorldTests.debug.xcconfig */;
			buildSettings = {
				ALWAYS_EMBED_SWIFT_STANDARD_LIBRARIES = YES;
				BUNDLE_LOADER = "$(TEST_HOST)";
				CODE_SIGN_STYLE = Automatic;
				INFOPLIST_FILE = "Xpay WorldTests/Info.plist";
				IPHONEOS_DEPLOYMENT_TARGET = 13.0;
				LD_RUNPATH_SEARCH_PATHS = (
					"$(inherited)",
					"@executable_path/Frameworks",
					"@loader_path/Frameworks",
				);
				PRODUCT_BUNDLE_IDENTIFIER = "mariojuni.Xpay-WorldTests";
				PRODUCT_NAME = "$(TARGET_NAME)";
				SWIFT_VERSION = 5.0;
				TARGETED_DEVICE_FAMILY = "1,2";
				TEST_HOST = "$(BUILT_PRODUCTS_DIR)/Xpay World.app/Xpay World";
			};
			name = Debug;
		};
		889AF6EA23438060008EE77C /* Release */ = {
			isa = XCBuildConfiguration;
			baseConfigurationReference = 42B8872CC2271A4AADE83E50 /* Pods-Xpay WorldTests.release.xcconfig */;
			buildSettings = {
				ALWAYS_EMBED_SWIFT_STANDARD_LIBRARIES = YES;
				BUNDLE_LOADER = "$(TEST_HOST)";
				CODE_SIGN_STYLE = Automatic;
				INFOPLIST_FILE = "Xpay WorldTests/Info.plist";
				IPHONEOS_DEPLOYMENT_TARGET = 13.0;
				LD_RUNPATH_SEARCH_PATHS = (
					"$(inherited)",
					"@executable_path/Frameworks",
					"@loader_path/Frameworks",
				);
				PRODUCT_BUNDLE_IDENTIFIER = "mariojuni.Xpay-WorldTests";
				PRODUCT_NAME = "$(TARGET_NAME)";
				SWIFT_VERSION = 5.0;
				TARGETED_DEVICE_FAMILY = "1,2";
				TEST_HOST = "$(BUILT_PRODUCTS_DIR)/Xpay World.app/Xpay World";
			};
			name = Release;
		};
		889AF6EC23438060008EE77C /* Debug */ = {
			isa = XCBuildConfiguration;
			baseConfigurationReference = B503EE996A262A1E86A6BBA6 /* Pods-Xpay WorldUITests.debug.xcconfig */;
			buildSettings = {
				ALWAYS_EMBED_SWIFT_STANDARD_LIBRARIES = YES;
				CODE_SIGN_STYLE = Automatic;
				INFOPLIST_FILE = "Xpay WorldUITests/Info.plist";
				LD_RUNPATH_SEARCH_PATHS = (
					"$(inherited)",
					"@executable_path/Frameworks",
					"@loader_path/Frameworks",
				);
				PRODUCT_BUNDLE_IDENTIFIER = "mariojuni.Xpay-WorldUITests";
				PRODUCT_NAME = "$(TARGET_NAME)";
				SWIFT_VERSION = 5.0;
				TARGETED_DEVICE_FAMILY = "1,2";
				TEST_TARGET_NAME = "Xpay World";
			};
			name = Debug;
		};
		889AF6ED23438060008EE77C /* Release */ = {
			isa = XCBuildConfiguration;
			baseConfigurationReference = 91E184BC61A57C5DFA0A4CAE /* Pods-Xpay WorldUITests.release.xcconfig */;
			buildSettings = {
				ALWAYS_EMBED_SWIFT_STANDARD_LIBRARIES = YES;
				CODE_SIGN_STYLE = Automatic;
				INFOPLIST_FILE = "Xpay WorldUITests/Info.plist";
				LD_RUNPATH_SEARCH_PATHS = (
					"$(inherited)",
					"@executable_path/Frameworks",
					"@loader_path/Frameworks",
				);
				PRODUCT_BUNDLE_IDENTIFIER = "mariojuni.Xpay-WorldUITests";
				PRODUCT_NAME = "$(TARGET_NAME)";
				SWIFT_VERSION = 5.0;
				TARGETED_DEVICE_FAMILY = "1,2";
				TEST_TARGET_NAME = "Xpay World";
			};
			name = Release;
		};
/* End XCBuildConfiguration section */

/* Begin XCConfigurationList section */
		889AF6B62343805F008EE77C /* Build configuration list for PBXProject "Xpay World" */ = {
			isa = XCConfigurationList;
			buildConfigurations = (
				889AF6E323438060008EE77C /* Debug */,
				889AF6E423438060008EE77C /* Release */,
			);
			defaultConfigurationIsVisible = 0;
			defaultConfigurationName = Release;
		};
		889AF6E523438060008EE77C /* Build configuration list for PBXNativeTarget "Xpay World" */ = {
			isa = XCConfigurationList;
			buildConfigurations = (
				889AF6E623438060008EE77C /* Debug */,
				889AF6E723438060008EE77C /* Release */,
			);
			defaultConfigurationIsVisible = 0;
			defaultConfigurationName = Release;
		};
		889AF6E823438060008EE77C /* Build configuration list for PBXNativeTarget "Xpay WorldTests" */ = {
			isa = XCConfigurationList;
			buildConfigurations = (
				889AF6E923438060008EE77C /* Debug */,
				889AF6EA23438060008EE77C /* Release */,
			);
			defaultConfigurationIsVisible = 0;
			defaultConfigurationName = Release;
		};
		889AF6EB23438060008EE77C /* Build configuration list for PBXNativeTarget "Xpay WorldUITests" */ = {
			isa = XCConfigurationList;
			buildConfigurations = (
				889AF6EC23438060008EE77C /* Debug */,
				889AF6ED23438060008EE77C /* Release */,
			);
			defaultConfigurationIsVisible = 0;
			defaultConfigurationName = Release;
		};
/* End XCConfigurationList section */
	};
	rootObject = 889AF6B32343805F008EE77C /* Project object */;
}
